
Microsoft Visual Studio Solution File, Format Version 12.00
# Visual Studio Version 17
VisualStudioVersion = 17.1.32328.378
MinimumVisualStudioVersion = 10.0.40219.1
Project("{FAE04EC0-301F-11D3-BF4B-00C04F79EFBC}") = "PZ7", "PZ7\PZ7.csproj", "{66A1B0D6-2519-4BC2-BCED-A13DAC44C00D}"
EndProject
Global
	GlobalSection(SolutionConfigurationPlatforms) = preSolution
		Debug|Any CPU = Debug|Any CPU
		Release|Any CPU = Release|Any CPU
	EndGlobalSection
	GlobalSection(ProjectConfigurationPlatforms) = postSolution
		{66A1B0D6-2519-4BC2-BCED-A13DAC44C00D}.Debug|Any CPU.ActiveCfg = Debug|Any CPU
		{66A1B0D6-2519-4BC2-BCED-A13DAC44C00D}.Debug|Any CPU.Build.0 = Debug|Any CPU
		{66A1B0D6-2519-4BC2-BCED-A13DAC44C00D}.Release|Any CPU.ActiveCfg = Release|Any CPU
		{66A1B0D6-2519-4BC2-BCED-A13DAC44C00D}.Release|Any CPU.Build.0 = Release|Any CPU
	EndGlobalSection
	GlobalSection(SolutionProperties) = preSolution
		HideSolutionNode = FALSE
	EndGlobalSection
	GlobalSection(ExtensibilityGlobals) = postSolution
		SolutionGuid = {2B864588-4B24-42DF-8EB5-FE9B3FC27410}
	EndGlobalSection
EndGlobal
